
Microsoft Visual Studio Solution File, Format Version 12.00
# Visual Studio Version 17
VisualStudioVersion = 17.3.32825.248
MinimumVisualStudioVersion = 10.0.40219.1
Project("{9A19103F-16F7-4668-BE54-9A1E7A4F7556}") = "StudentManager", "StudentManager\StudentManager.csproj", "{A0553D92-74EB-4E57-88D6-5795735DFFA4}"
EndProject
Project("{FAE04EC0-301F-11D3-BF4B-00C04F79EFBC}") = "StudentManagerAPI", "StudentManagerAPI\StudentManagerAPI.csproj", "{AE22E5CA-4357-4559-8B8C-D40E535EAA27}"
EndProject
Project("{FAE04EC0-301F-11D3-BF4B-00C04F79EFBC}") = "Utility", "Utility\Utility.csproj", "{0C9DB9D4-C810-484C-84AD-696ED6BB3C4D}"
EndProject
Global
	GlobalSection(SolutionConfigurationPlatforms) = preSolution
		Debug|Any CPU = Debug|Any CPU
		Release|Any CPU = Release|Any CPU
	EndGlobalSection
	GlobalSection(ProjectConfigurationPlatforms) = postSolution
		{A0553D92-74EB-4E57-88D6-5795735DFFA4}.Debug|Any CPU.ActiveCfg = Debug|Any CPU
		{A0553D92-74EB-4E57-88D6-5795735DFFA4}.Debug|Any CPU.Build.0 = Debug|Any CPU
		{A0553D92-74EB-4E57-88D6-5795735DFFA4}.Release|Any CPU.ActiveCfg = Release|Any CPU
		{A0553D92-74EB-4E57-88D6-5795735DFFA4}.Release|Any CPU.Build.0 = Release|Any CPU
		{AE22E5CA-4357-4559-8B8C-D40E535EAA27}.Debug|Any CPU.ActiveCfg = Debug|Any CPU
		{AE22E5CA-4357-4559-8B8C-D40E535EAA27}.Debug|Any CPU.Build.0 = Debug|Any CPU
		{AE22E5CA-4357-4559-8B8C-D40E535EAA27}.Release|Any CPU.ActiveCfg = Release|Any CPU
		{AE22E5CA-4357-4559-8B8C-D40E535EAA27}.Release|Any CPU.Build.0 = Release|Any CPU
		{0C9DB9D4-C810-484C-84AD-696ED6BB3C4D}.Debug|Any CPU.ActiveCfg = Debug|Any CPU
		{0C9DB9D4-C810-484C-84AD-696ED6BB3C4D}.Debug|Any CPU.Build.0 = Debug|Any CPU
		{0C9DB9D4-C810-484C-84AD-696ED6BB3C4D}.Release|Any CPU.ActiveCfg = Release|Any CPU
		{0C9DB9D4-C810-484C-84AD-696ED6BB3C4D}.Release|Any CPU.Build.0 = Release|Any CPU
	EndGlobalSection
	GlobalSection(SolutionProperties) = preSolution
		HideSolutionNode = FALSE
	EndGlobalSection
	GlobalSection(ExtensibilityGlobals) = postSolution
		SolutionGuid = {568D44D4-FFBA-4E6E-8D92-EFF39AE529E4}
	EndGlobalSection
EndGlobal
